# 1) Make sure you're on main and up to date
git pull --rebase origin main

# 2) Generate/overwrite the lockfile properly
npm install --package-lock-only

# 3) Add & commit the generated file
git add package-lock.json
git commit -m "chore: generate package-lock.json for Amplify"
git push origin main
